// !$*UTF8*$!
{
	archiveVersion = 1;
	classes = {
	};
	objectVersion = 46;
	objects = {

/* Begin PBXBuildFile section */
		07D917DFFA3706FF09FC7E63 /* Pods_R.framework in Frameworks */ = {isa = PBXBuildFile; fileRef = BC1DFBBEDA7AF6B48FA7556A /* Pods_R.framework */; };
		660EA12C1EE51C2C004489E3 /* RedditTableViewCell.swift in Sources */ = {isa = PBXBuildFile; fileRef = 660EA12B1EE51C2C004489E3 /* RedditTableViewCell.swift */; };
		66AE8AE81EE4F023009205E3 /* AppDelegate.swift in Sources */ = {isa = PBXBuildFile; fileRef = 66AE8AE71EE4F023009205E3 /* AppDelegate.swift */; };
		66AE8AED1EE4F023009205E3 /* Main.storyboard in Resources */ = {isa = PBXBuildFile; fileRef = 66AE8AEB1EE4F023009205E3 /* Main.storyboard */; };
		66AE8AF01EE4F023009205E3 /* R.xcdatamodeld in Sources */ = {isa = PBXBuildFile; fileRef = 66AE8AEE1EE4F023009205E3 /* R.xcdatamodeld */; };
		66AE8AF21EE4F023009205E3 /* Assets.xcassets in Resources */ = {isa = PBXBuildFile; fileRef = 66AE8AF11EE4F023009205E3 /* Assets.xcassets */; };
		66AE8AF51EE4F023009205E3 /* LaunchScreen.storyboard in Resources */ = {isa = PBXBuildFile; fileRef = 66AE8AF31EE4F023009205E3 /* LaunchScreen.storyboard */; };
		66AE8AFD1EE4F42E009205E3 /* Double+Extensions.swift in Sources */ = {isa = PBXBuildFile; fileRef = 66AE8AFC1EE4F42E009205E3 /* Double+Extensions.swift */; };
		66AE8B011EE4F46C009205E3 /* MThing.swift in Sources */ = {isa = PBXBuildFile; fileRef = 66AE8B001EE4F46C009205E3 /* MThing.swift */; };
		66AE8B041EE4F496009205E3 /* NetworkManager.swift in Sources */ = {isa = PBXBuildFile; fileRef = 66AE8B031EE4F496009205E3 /* NetworkManager.swift */; };
		66AE8B061EE4F49E009205E3 /* CacheManager.swift in Sources */ = {isa = PBXBuildFile; fileRef = 66AE8B051EE4F49E009205E3 /* CacheManager.swift */; };
		66AE8B091EE4F4E1009205E3 /* MainTableViewController.swift in Sources */ = {isa = PBXBuildFile; fileRef = 66AE8B081EE4F4E1009205E3 /* MainTableViewController.swift */; };
		66AE8B0B1EE4F5BB009205E3 /* DescriptionViewController.swift in Sources */ = {isa = PBXBuildFile; fileRef = 66AE8B0A1EE4F5BB009205E3 /* DescriptionViewController.swift */; };
		66AE8B0D1EE4F775009205E3 /* gradient.png in Resources */ = {isa = PBXBuildFile; fileRef = 66AE8B0C1EE4F775009205E3 /* gradient.png */; };
/* End PBXBuildFile section */

/* Begin PBXFileReference section */
		41BEBED2CBDCDCF04CE81214 /* Pods-R.debug.xcconfig */ = {isa = PBXFileReference; includeInIndex = 1; lastKnownFileType = text.xcconfig; name = "Pods-R.debug.xcconfig"; path = "Pods/Target Support Files/Pods-R/Pods-R.debug.xcconfig"; sourceTree = "<group>"; };
		660EA12B1EE51C2C004489E3 /* RedditTableViewCell.swift */ = {isa = PBXFileReference; fileEncoding = 4; lastKnownFileType = sourcecode.swift; path = RedditTableViewCell.swift; sourceTree = "<group>"; };
		66AE8AE41EE4F023009205E3 /* R.app */ = {isa = PBXFileReference; explicitFileType = wrapper.application; includeInIndex = 0; path = R.app; sourceTree = BUILT_PRODUCTS_DIR; };
		66AE8AE71EE4F023009205E3 /* AppDelegate.swift */ = {isa = PBXFileReference; lastKnownFileType = sourcecode.swift; path = AppDelegate.swift; sourceTree = "<group>"; };
		66AE8AEC1EE4F023009205E3 /* Base */ = {isa = PBXFileReference; lastKnownFileType = file.storyboard; name = Base; path = Base.lproj/Main.storyboard; sourceTree = "<group>"; };
		66AE8AEF1EE4F023009205E3 /* R.xcdatamodel */ = {isa = PBXFileReference; lastKnownFileType = wrapper.xcdatamodel; path = R.xcdatamodel; sourceTree = "<group>"; };
		66AE8AF11EE4F023009205E3 /* Assets.xcassets */ = {isa = PBXFileReference; lastKnownFileType = folder.assetcatalog; path = Assets.xcassets; sourceTree = "<group>"; };
		66AE8AF41EE4F023009205E3 /* Base */ = {isa = PBXFileReference; lastKnownFileType = file.storyboard; name = Base; path = Base.lproj/LaunchScreen.storyboard; sourceTree = "<group>"; };
		66AE8AF61EE4F023009205E3 /* Info.plist */ = {isa = PBXFileReference; lastKnownFileType = text.plist.xml; path = Info.plist; sourceTree = "<group>"; };
		66AE8AFC1EE4F42E009205E3 /* Double+Extensions.swift */ = {isa = PBXFileReference; fileEncoding = 4; lastKnownFileType = sourcecode.swift; path = "Double+Extensions.swift"; sourceTree = "<group>"; };
		66AE8B001EE4F46C009205E3 /* MThing.swift */ = {isa = PBXFileReference; fileEncoding = 4; lastKnownFileType = sourcecode.swift; path = MThing.swift; sourceTree = "<group>"; };
		66AE8B031EE4F496009205E3 /* NetworkManager.swift */ = {isa = PBXFileReference; fileEncoding = 4; lastKnownFileType = sourcecode.swift; path = NetworkManager.swift; sourceTree = "<group>"; };
		66AE8B051EE4F49E009205E3 /* CacheManager.swift */ = {isa = PBXFileReference; fileEncoding = 4; lastKnownFileType = sourcecode.swift; path = CacheManager.swift; sourceTree = "<group>"; };
		66AE8B081EE4F4E1009205E3 /* MainTableViewController.swift */ = {isa = PBXFileReference; fileEncoding = 4; lastKnownFileType = sourcecode.swift; path = MainTableViewController.swift; sourceTree = "<group>"; };
		66AE8B0A1EE4F5BB009205E3 /* DescriptionViewController.swift */ = {isa = PBXFileReference; fileEncoding = 4; lastKnownFileType = sourcecode.swift; path = DescriptionViewController.swift; sourceTree = "<group>"; };
		66AE8B0C1EE4F775009205E3 /* gradient.png */ = {isa = PBXFileReference; lastKnownFileType = image.png; path = gradient.png; sourceTree = "<group>"; };
		75653A8F7DE0F5DD352421FC /* Pods-R.release.xcconfig */ = {isa = PBXFileReference; includeInIndex = 1; lastKnownFileType = text.xcconfig; name = "Pods-R.release.xcconfig"; path = "Pods/Target Support Files/Pods-R/Pods-R.release.xcconfig"; sourceTree = "<group>"; };
		BC1DFBBEDA7AF6B48FA7556A /* Pods_R.framework */ = {isa = PBXFileReference; explicitFileType = wrapper.framework; includeInIndex = 0; path = Pods_R.framework; sourceTree = BUILT_PRODUCTS_DIR; };
/* End PBXFileReference section */

/* Begin PBXFrameworksBuildPhase section */
		66AE8AE11EE4F023009205E3 /* Frameworks */ = {
			isa = PBXFrameworksBuildPhase;
			buildActionMask = 2147483647;
			files = (
				07D917DFFA3706FF09FC7E63 /* Pods_R.framework in Frameworks */,
			);
			runOnlyForDeploymentPostprocessing = 0;
		};
/* End PBXFrameworksBuildPhase section */

/* Begin PBXGroup section */
		0D75F3834E6245F9EBFECB45 /* Frameworks */ = {
			isa = PBXGroup;
			children = (
				BC1DFBBEDA7AF6B48FA7556A /* Pods_R.framework */,
			);
			name = Frameworks;
			sourceTree = "<group>";
		};
		66AE8ADB1EE4F023009205E3 = {
			isa = PBXGroup;
			children = (
				66AE8AE61EE4F023009205E3 /* R */,
				66AE8AE51EE4F023009205E3 /* Products */,
				833C439B7BF993C2B336A085 /* Pods */,
				0D75F3834E6245F9EBFECB45 /* Frameworks */,
			);
			sourceTree = "<group>";
		};
		66AE8AE51EE4F023009205E3 /* Products */ = {
			isa = PBXGroup;
			children = (
				66AE8AE41EE4F023009205E3 /* R.app */,
			);
			name = Products;
			sourceTree = "<group>";
		};
		66AE8AE61EE4F023009205E3 /* R */ = {
			isa = PBXGroup;
			children = (
				66AE8AFF1EE4F43C009205E3 /* Model */,
				66AE8B071EE4F4C4009205E3 /* View */,
				66AE8B021EE4F48A009205E3 /* Controller */,
				66AE8AFE1EE4F433009205E3 /* Utils */,
				66AE8AE71EE4F023009205E3 /* AppDelegate.swift */,
				66AE8AEB1EE4F023009205E3 /* Main.storyboard */,
				66AE8AF11EE4F023009205E3 /* Assets.xcassets */,
				66AE8B0C1EE4F775009205E3 /* gradient.png */,
				66AE8AF31EE4F023009205E3 /* LaunchScreen.storyboard */,
				66AE8AF61EE4F023009205E3 /* Info.plist */,
			);
			path = R;
			sourceTree = "<group>";
		};
		66AE8AFE1EE4F433009205E3 /* Utils */ = {
			isa = PBXGroup;
			children = (
				66AE8AFC1EE4F42E009205E3 /* Double+Extensions.swift */,
			);
			name = Utils;
			sourceTree = "<group>";
		};
		66AE8AFF1EE4F43C009205E3 /* Model */ = {
			isa = PBXGroup;
			children = (
				66AE8AEE1EE4F023009205E3 /* R.xcdatamodeld */,
				66AE8B001EE4F46C009205E3 /* MThing.swift */,
			);
			name = Model;
			sourceTree = "<group>";
		};
		66AE8B021EE4F48A009205E3 /* Controller */ = {
			isa = PBXGroup;
			children = (
				66AE8B051EE4F49E009205E3 /* CacheManager.swift */,
				66AE8B031EE4F496009205E3 /* NetworkManager.swift */,
			);
			name = Controller;
			sourceTree = "<group>";
		};
		66AE8B071EE4F4C4009205E3 /* View */ = {
			isa = PBXGroup;
			children = (
				66AE8B081EE4F4E1009205E3 /* MainTableViewController.swift */,
				66AE8B0A1EE4F5BB009205E3 /* DescriptionViewController.swift */,
				660EA12B1EE51C2C004489E3 /* RedditTableViewCell.swift */,
			);
			name = View;
			sourceTree = "<group>";
		};
		833C439B7BF993C2B336A085 /* Pods */ = {
			isa = PBXGroup;
			children = (
				41BEBED2CBDCDCF04CE81214 /* Pods-R.debug.xcconfig */,
				75653A8F7DE0F5DD352421FC /* Pods-R.release.xcconfig */,
			);
			name = Pods;
			sourceTree = "<group>";
		};
/* End PBXGroup section */

/* Begin PBXNativeTarget section */
		66AE8AE31EE4F023009205E3 /* R */ = {
			isa = PBXNativeTarget;
			buildConfigurationList = 66AE8AF91EE4F023009205E3 /* Build configuration list for PBXNativeTarget "R" */;
			buildPhases = (
				46D0BF1127FC46B44AC793AD /* [CP] Check Pods Manifest.lock */,
				66AE8AE01EE4F023009205E3 /* Sources */,
				66AE8AE11EE4F023009205E3 /* Frameworks */,
				66AE8AE21EE4F023009205E3 /* Resources */,
				19AF7027780B00A40610BB9E /* [CP] Embed Pods Frameworks */,
				CD267B2EF30CAADDA7D269B2 /* [CP] Copy Pods Resources */,
			);
			buildRules = (
			);
			dependencies = (
			);
			name = R;
			productName = R;
			productReference = 66AE8AE41EE4F023009205E3 /* R.app */;
			productType = "com.apple.product-type.application";
		};
/* End PBXNativeTarget section */

/* Begin PBXProject section */
		66AE8ADC1EE4F023009205E3 /* Project object */ = {
			isa = PBXProject;
			attributes = {
				LastSwiftUpdateCheck = 0830;
				LastUpgradeCheck = 0830;
				ORGANIZATIONNAME = jpba;
				TargetAttributes = {
					66AE8AE31EE4F023009205E3 = {
						CreatedOnToolsVersion = 8.3.2;
						DevelopmentTeam = SJ6D99S434;
						ProvisioningStyle = Automatic;
					};
				};
			};
			buildConfigurationList = 66AE8ADF1EE4F023009205E3 /* Build configuration list for PBXProject "R" */;
			compatibilityVersion = "Xcode 3.2";
			developmentRegion = English;
			hasScannedForEncodings = 0;
			knownRegions = (
				en,
				Base,
			);
			mainGroup = 66AE8ADB1EE4F023009205E3;
			productRefGroup = 66AE8AE51EE4F023009205E3 /* Products */;
			projectDirPath = "";
			projectRoot = "";
			targets = (
				66AE8AE31EE4F023009205E3 /* R */,
			);
		};
/* End PBXProject section */

/* Begin PBXResourcesBuildPhase section */
		66AE8AE21EE4F023009205E3 /* Resources */ = {
			isa = PBXResourcesBuildPhase;
			buildActionMask = 2147483647;
			files = (
				66AE8AF51EE4F023009205E3 /* LaunchScreen.storyboard in Resources */,
				66AE8B0D1EE4F775009205E3 /* gradient.png in Resources */,
				66AE8AF21EE4F023009205E3 /* Assets.xcassets in Resources */,
				66AE8AED1EE4F023009205E3 /* Main.storyboard in Resources */,
			);
			runOnlyForDeploymentPostprocessing = 0;
		};
/* End PBXResourcesBuildPhase section */

/* Begin PBXShellScriptBuildPhase section */
		19AF7027780B00A40610BB9E /* [CP] Embed Pods Frameworks */ = {
			isa = PBXShellScriptBuildPhase;
			buildActionMask = 2147483647;
			files = (
			);
			inputPaths = (
			);
			name = "[CP] Embed Pods Frameworks";
			outputPaths = (
			);
			runOnlyForDeploymentPostprocessing = 0;
			shellPath = /bin/sh;
			shellScript = "\"${SRCROOT}/Pods/Target Support Files/Pods-R/Pods-R-frameworks.sh\"\n";
			showEnvVarsInLog = 0;
		};
		46D0BF1127FC46B44AC793AD /* [CP] Check Pods Manifest.lock */ = {
			isa = PBXShellScriptBuildPhase;
			buildActionMask = 2147483647;
			files = (
			);
			inputPaths = (
			);
			name = "[CP] Check Pods Manifest.lock";
			outputPaths = (
			);
			runOnlyForDeploymentPostprocessing = 0;
			shellPath = /bin/sh;
			shellScript = "diff \"${PODS_ROOT}/../Podfile.lock\" \"${PODS_ROOT}/Manifest.lock\" > /dev/null\nif [ $? != 0 ] ; then\n    # print error to STDERR\n    echo \"error: The sandbox is not in sync with the Podfile.lock. Run 'pod install' or update your CocoaPods installation.\" >&2\n    exit 1\nfi\n";
			showEnvVarsInLog = 0;
		};
		CD267B2EF30CAADDA7D269B2 /* [CP] Copy Pods Resources */ = {
			isa = PBXShellScriptBuildPhase;
			buildActionMask = 2147483647;
			files = (
			);
			inputPaths = (
			);
			name = "[CP] Copy Pods Resources";
			outputPaths = (
			);
			runOnlyForDeploymentPostprocessing = 0;
			shellPath = /bin/sh;
			shellScript = "\"${SRCROOT}/Pods/Target Support Files/Pods-R/Pods-R-resources.sh\"\n";
			showEnvVarsInLog = 0;
		};
/* End PBXShellScriptBuildPhase section */

/* Begin PBXSourcesBuildPhase section */
		66AE8AE01EE4F023009205E3 /* Sources */ = {
			isa = PBXSourcesBuildPhase;
			buildActionMask = 2147483647;
			files = (
				66AE8AFD1EE4F42E009205E3 /* Double+Extensions.swift in Sources */,
				66AE8AE81EE4F023009205E3 /* AppDelegate.swift in Sources */,
				660EA12C1EE51C2C004489E3 /* RedditTableViewCell.swift in Sources */,
				66AE8B011EE4F46C009205E3 /* MThing.swift in Sources */,
				66AE8B091EE4F4E1009205E3 /* MainTableViewController.swift in Sources */,
				66AE8AF01EE4F023009205E3 /* R.xcdatamodeld in Sources */,
				66AE8B0B1EE4F5BB009205E3 /* DescriptionViewController.swift in Sources */,
				66AE8B041EE4F496009205E3 /* NetworkManager.swift in Sources */,
				66AE8B061EE4F49E009205E3 /* CacheManager.swift in Sources */,
			);
			runOnlyForDeploymentPostprocessing = 0;
		};
/* End PBXSourcesBuildPhase section */

/* Begin PBXVariantGroup section */
		66AE8AEB1EE4F023009205E3 /* Main.storyboard */ = {
			isa = PBXVariantGroup;
			children = (
				66AE8AEC1EE4F023009205E3 /* Base */,
			);
			name = Main.storyboard;
			sourceTree = "<group>";
		};
		66AE8AF31EE4F023009205E3 /* LaunchScreen.storyboard */ = {
			isa = PBXVariantGroup;
			children = (
				66AE8AF41EE4F023009205E3 /* Base */,
			);
			name = LaunchScreen.storyboard;
			sourceTree = "<group>";
		};
/* End PBXVariantGroup section */

/* Begin XCBuildConfiguration section */
		66AE8AF71EE4F023009205E3 /* Debug */ = {
			isa = XCBuildConfiguration;
			buildSettings = {
				ALWAYS_SEARCH_USER_PATHS = NO;
				CLANG_ANALYZER_NONNULL = YES;
				CLANG_ANALYZER_NUMBER_OBJECT_CONVERSION = YES_AGGRESSIVE;
				CLANG_CXX_LANGUAGE_STANDARD = "gnu++0x";
				CLANG_CXX_LIBRARY = "libc++";
				CLANG_ENABLE_MODULES = YES;
				CLANG_ENABLE_OBJC_ARC = YES;
				CLANG_WARN_BOOL_CONVERSION = YES;
				CLANG_WARN_CONSTANT_CONVERSION = YES;
				CLANG_WARN_DIRECT_OBJC_ISA_USAGE = YES_ERROR;
				CLANG_WARN_DOCUMENTATION_COMMENTS = YES;
				CLANG_WARN_EMPTY_BODY = YES;
				CLANG_WARN_ENUM_CONVERSION = YES;
				CLANG_WARN_INFINITE_RECURSION = YES;
				CLANG_WARN_INT_CONVERSION = YES;
				CLANG_WARN_OBJC_ROOT_CLASS = YES_ERROR;
				CLANG_WARN_SUSPICIOUS_MOVE = YES;
				CLANG_WARN_UNREACHABLE_CODE = YES;
				CLANG_WARN__DUPLICATE_METHOD_MATCH = YES;
				"CODE_SIGN_IDENTITY[sdk=iphoneos*]" = "iPhone Developer";
				COPY_PHASE_STRIP = NO;
				DEBUG_INFORMATION_FORMAT = dwarf;
				ENABLE_STRICT_OBJC_MSGSEND = YES;
				ENABLE_TESTABILITY = YES;
				GCC_C_LANGUAGE_STANDARD = gnu99;
				GCC_DYNAMIC_NO_PIC = NO;
				GCC_NO_COMMON_BLOCKS = YES;
				GCC_OPTIMIZATION_LEVEL = 0;
				GCC_PREPROCESSOR_DEFINITIONS = (
					"DEBUG=1",
					"$(inherited)",
				);
				GCC_WARN_64_TO_32_BIT_CONVERSION = YES;
				GCC_WARN_ABOUT_RETURN_TYPE = YES_ERROR;
				GCC_WARN_UNDECLARED_SELECTOR = YES;
				GCC_WARN_UNINITIALIZED_AUTOS = YES_AGGRESSIVE;
				GCC_WARN_UNUSED_FUNCTION = YES;
				GCC_WARN_UNUSED_VARIABLE = YES;
				IPHONEOS_DEPLOYMENT_TARGET = 10.3;
				MTL_ENABLE_DEBUG_INFO = YES;
				ONLY_ACTIVE_ARCH = YES;
				SDKROOT = iphoneos;
				SWIFT_ACTIVE_COMPILATION_CONDITIONS = DEBUG;
				SWIFT_OPTIMIZATION_LEVEL = "-Onone";
			};
			name = Debug;
		};
		66AE8AF81EE4F023009205E3 /* Release */ = {
			isa = XCBuildConfiguration;
			buildSettings = {
				ALWAYS_SEARCH_USER_PATHS = NO;
				CLANG_ANALYZER_NONNULL = YES;
				CLANG_ANALYZER_NUMBER_OBJECT_CONVERSION = YES_AGGRESSIVE;
				CLANG_CXX_LANGUAGE_STANDARD = "gnu++0x";
				CLANG_CXX_LIBRARY = "libc++";
				CLANG_ENABLE_MODULES = YES;
				CLANG_ENABLE_OBJC_ARC = YES;
				CLANG_WARN_BOOL_CONVERSION = YES;
				CLANG_WARN_CONSTANT_CONVERSION = YES;
				CLANG_WARN_DIRECT_OBJC_ISA_USAGE = YES_ERROR;
				CLANG_WARN_DOCUMENTATION_COMMENTS = YES;
				CLANG_WARN_EMPTY_BODY = YES;
				CLANG_WARN_ENUM_CONVERSION = YES;
				CLANG_WARN_INFINITE_RECURSION = YES;
				CLANG_WARN_INT_CONVERSION = YES;
				CLANG_WARN_OBJC_ROOT_CLASS = YES_ERROR;
				CLANG_WARN_SUSPICIOUS_MOVE = YES;
				CLANG_WARN_UNREACHABLE_CODE = YES;
				CLANG_WARN__DUPLICATE_METHOD_MATCH = YES;
				"CODE_SIGN_IDENTITY[sdk=iphoneos*]" = "iPhone Developer";
				COPY_PHASE_STRIP = NO;
				DEBUG_INFORMATION_FORMAT = "dwarf-with-dsym";
				ENABLE_NS_ASSERTIONS = NO;
				ENABLE_STRICT_OBJC_MSGSEND = YES;
				GCC_C_LANGUAGE_STANDARD = gnu99;
				GCC_NO_COMMON_BLOCKS = YES;
				GCC_WARN_64_TO_32_BIT_CONVERSION = YES;
				GCC_WARN_ABOUT_RETURN_TYPE = YES_ERROR;
				GCC_WARN_UNDECLARED_SELECTOR = YES;
				GCC_WARN_UNINITIALIZED_AUTOS = YES_AGGRESSIVE;
				GCC_WARN_UNUSED_FUNCTION = YES;
				GCC_WARN_UNUSED_VARIABLE = YES;
				IPHONEOS_DEPLOYMENT_TARGET = 10.3;
				MTL_ENABLE_DEBUG_INFO = NO;
				SDKROOT = iphoneos;
				SWIFT_OPTIMIZATION_LEVEL = "-Owholemodule";
				VALIDATE_PRODUCT = YES;
			};
			name = Release;
		};
		66AE8AFA1EE4F023009205E3 /* Debug */ = {
			isa = XCBuildConfiguration;
			baseConfigurationReference = 41BEBED2CBDCDCF04CE81214 /* Pods-R.debug.xcconfig */;
			buildSettings = {
				ASSETCATALOG_COMPILER_APPICON_NAME = AppIcon;
				DEVELOPMENT_TEAM = SJ6D99S434;
				INFOPLIST_FILE = R/Info.plist;
				LD_RUNPATH_SEARCH_PATHS = "$(inherited) @executable_path/Frameworks";
				PRODUCT_BUNDLE_IDENTIFIER = com.jpba.R;
				PRODUCT_NAME = "$(TARGET_NAME)";
				SWIFT_VERSION = 3.0;
			};
			name = Debug;
		};
		66AE8AFB1EE4F023009205E3 /* Release */ = {
			isa = XCBuildConfiguration;
			baseConfigurationReference = 75653A8F7DE0F5DD352421FC /* Pods-R.release.xcconfig */;
			buildSettings = {
				ASSETCATALOG_COMPILER_APPICON_NAME = AppIcon;
				DEVELOPMENT_TEAM = SJ6D99S434;
				INFOPLIST_FILE = R/Info.plist;
				LD_RUNPATH_SEARCH_PATHS = "$(inherited) @executable_path/Frameworks";
				PRODUCT_BUNDLE_IDENTIFIER = com.jpba.R;
				PRODUCT_NAME = "$(TARGET_NAME)";
				SWIFT_VERSION = 3.0;
			};
			name = Release;
		};
/* End XCBuildConfiguration section */

/* Begin XCConfigurationList section */
		66AE8ADF1EE4F023009205E3 /* Build configuration list for PBXProject "R" */ = {
			isa = XCConfigurationList;
			buildConfigurations = (
				66AE8AF71EE4F023009205E3 /* Debug */,
				66AE8AF81EE4F023009205E3 /* Release */,
			);
			defaultConfigurationIsVisible = 0;
			defaultConfigurationName = Release;
		};
		66AE8AF91EE4F023009205E3 /* Build configuration list for PBXNativeTarget "R" */ = {
			isa = XCConfigurationList;
			buildConfigurations = (
				66AE8AFA1EE4F023009205E3 /* Debug */,
				66AE8AFB1EE4F023009205E3 /* Release */,
			);
			defaultConfigurationIsVisible = 0;
			defaultConfigurationName = Release;
		};
/* End XCConfigurationList section */

/* Begin XCVersionGroup section */
		66AE8AEE1EE4F023009205E3 /* R.xcdatamodeld */ = {
			isa = XCVersionGroup;
			children = (
				66AE8AEF1EE4F023009205E3 /* R.xcdatamodel */,
			);
			currentVersion = 66AE8AEF1EE4F023009205E3 /* R.xcdatamodel */;
			path = R.xcdatamodeld;
			sourceTree = "<group>";
			versionGroupType = wrapper.xcdatamodel;
		};
/* End XCVersionGroup section */
	};
	rootObject = 66AE8ADC1EE4F023009205E3 /* Project object */;
}
